
Microsoft Visual Studio Solution File, Format Version 12.00
# Visual Studio Version 16
VisualStudioVersion = 16.0.30114.105
MinimumVisualStudioVersion = 10.0.40219.1
Project("{FAE04EC0-301F-11D3-BF4B-00C04F79EFBC}") = "EmailApp", "EmailApp\EmailApp.csproj", "{18D0690D-C12B-42BA-B7D0-5DB6BA2EE631}"
EndProject
Global
	GlobalSection(SolutionConfigurationPlatforms) = preSolution
		Debug|Any CPU = Debug|Any CPU
		Release|Any CPU = Release|Any CPU
	EndGlobalSection
	GlobalSection(ProjectConfigurationPlatforms) = postSolution
		{18D0690D-C12B-42BA-B7D0-5DB6BA2EE631}.Debug|Any CPU.ActiveCfg = Debug|Any CPU
		{18D0690D-C12B-42BA-B7D0-5DB6BA2EE631}.Debug|Any CPU.Build.0 = Debug|Any CPU
		{18D0690D-C12B-42BA-B7D0-5DB6BA2EE631}.Release|Any CPU.ActiveCfg = Release|Any CPU
		{18D0690D-C12B-42BA-B7D0-5DB6BA2EE631}.Release|Any CPU.Build.0 = Release|Any CPU
	EndGlobalSection
	GlobalSection(SolutionProperties) = preSolution
		HideSolutionNode = FALSE
	EndGlobalSection
	GlobalSection(ExtensibilityGlobals) = postSolution
		SolutionGuid = {56F78048-FC76-4020-9E8A-97CC20B7DC84}
	EndGlobalSection
EndGlobal
